
Microsoft Visual Studio Solution File, Format Version 12.00
# Visual Studio Version 16
VisualStudioVersion = 16.0.28822.285
MinimumVisualStudioVersion = 10.0.40219.1
Project("{9A19103F-16F7-4668-BE54-9A1E7A4F7556}") = "FileCenter.Host", "FileCenter.Host\FileCenter.Host.csproj", "{F024A73D-5575-4099-8572-B1F9D33AD8D4}"
EndProject
Project("{9A19103F-16F7-4668-BE54-9A1E7A4F7556}") = "FileCenter.Abstractions", "FileCenter.Abstractions\FileCenter.Abstractions.csproj", "{D7418283-B438-4B0B-9D7D-F8BE393A199D}"
EndProject
Project("{9A19103F-16F7-4668-BE54-9A1E7A4F7556}") = "FileCenter.EFCore", "FileCenter.EFCore\FileCenter.EFCore.csproj", "{FD70DDE3-D22A-4D5F-929D-602126CE1B67}"
EndProject
Project("{9A19103F-16F7-4668-BE54-9A1E7A4F7556}") = "FileCenter.Providers", "FileCenter.Providers\FileCenter.Providers.csproj", "{FF938131-136D-4694-8600-79B406A0FACF}"
EndProject
Project("{9A19103F-16F7-4668-BE54-9A1E7A4F7556}") = "FileCenter.Tools.SchemaMigrations", "FileCenter.Tools.SchemaMigrations\FileCenter.Tools.SchemaMigrations.csproj", "{2646ADD3-DE2B-4F9E-839A-A709FC20C736}"
EndProject
Project("{FAE04EC0-301F-11D3-BF4B-00C04F79EFBC}") = "FileCenter.CommandHandlers", "FileCenter.CommandHandlers\FileCenter.CommandHandlers.csproj", "{E852287C-A3C2-4688-BE11-4B5AB088E074}"
EndProject
Project("{2150E333-8FDC-42A3-9474-1A3956D46DE8}") = "core", "core", "{494864E0-27F7-4B10-BA5F-DA60B315CA15}"
EndProject
Project("{2150E333-8FDC-42A3-9474-1A3956D46DE8}") = "tools", "tools", "{4B42E643-EA44-4841-AF8B-074514AF24FE}"
EndProject
Global
	GlobalSection(SolutionConfigurationPlatforms) = preSolution
		Debug|Any CPU = Debug|Any CPU
		Release|Any CPU = Release|Any CPU
	EndGlobalSection
	GlobalSection(ProjectConfigurationPlatforms) = postSolution
		{F024A73D-5575-4099-8572-B1F9D33AD8D4}.Debug|Any CPU.ActiveCfg = Debug|Any CPU
		{F024A73D-5575-4099-8572-B1F9D33AD8D4}.Debug|Any CPU.Build.0 = Debug|Any CPU
		{F024A73D-5575-4099-8572-B1F9D33AD8D4}.Release|Any CPU.ActiveCfg = Release|Any CPU
		{F024A73D-5575-4099-8572-B1F9D33AD8D4}.Release|Any CPU.Build.0 = Release|Any CPU
		{D7418283-B438-4B0B-9D7D-F8BE393A199D}.Debug|Any CPU.ActiveCfg = Debug|Any CPU
		{D7418283-B438-4B0B-9D7D-F8BE393A199D}.Debug|Any CPU.Build.0 = Debug|Any CPU
		{D7418283-B438-4B0B-9D7D-F8BE393A199D}.Release|Any CPU.ActiveCfg = Release|Any CPU
		{D7418283-B438-4B0B-9D7D-F8BE393A199D}.Release|Any CPU.Build.0 = Release|Any CPU
		{FD70DDE3-D22A-4D5F-929D-602126CE1B67}.Debug|Any CPU.ActiveCfg = Debug|Any CPU
		{FD70DDE3-D22A-4D5F-929D-602126CE1B67}.Debug|Any CPU.Build.0 = Debug|Any CPU
		{FD70DDE3-D22A-4D5F-929D-602126CE1B67}.Release|Any CPU.ActiveCfg = Release|Any CPU
		{FD70DDE3-D22A-4D5F-929D-602126CE1B67}.Release|Any CPU.Build.0 = Release|Any CPU
		{FF938131-136D-4694-8600-79B406A0FACF}.Debug|Any CPU.ActiveCfg = Debug|Any CPU
		{FF938131-136D-4694-8600-79B406A0FACF}.Debug|Any CPU.Build.0 = Debug|Any CPU
		{FF938131-136D-4694-8600-79B406A0FACF}.Release|Any CPU.ActiveCfg = Release|Any CPU
		{FF938131-136D-4694-8600-79B406A0FACF}.Release|Any CPU.Build.0 = Release|Any CPU
		{2646ADD3-DE2B-4F9E-839A-A709FC20C736}.Debug|Any CPU.ActiveCfg = Debug|Any CPU
		{2646ADD3-DE2B-4F9E-839A-A709FC20C736}.Debug|Any CPU.Build.0 = Debug|Any CPU
		{2646ADD3-DE2B-4F9E-839A-A709FC20C736}.Release|Any CPU.ActiveCfg = Release|Any CPU
		{2646ADD3-DE2B-4F9E-839A-A709FC20C736}.Release|Any CPU.Build.0 = Release|Any CPU
		{E852287C-A3C2-4688-BE11-4B5AB088E074}.Debug|Any CPU.ActiveCfg = Debug|Any CPU
		{E852287C-A3C2-4688-BE11-4B5AB088E074}.Debug|Any CPU.Build.0 = Debug|Any CPU
		{E852287C-A3C2-4688-BE11-4B5AB088E074}.Release|Any CPU.ActiveCfg = Release|Any CPU
		{E852287C-A3C2-4688-BE11-4B5AB088E074}.Release|Any CPU.Build.0 = Release|Any CPU
	EndGlobalSection
	GlobalSection(SolutionProperties) = preSolution
		HideSolutionNode = FALSE
	EndGlobalSection
	GlobalSection(NestedProjects) = preSolution
		{D7418283-B438-4B0B-9D7D-F8BE393A199D} = {494864E0-27F7-4B10-BA5F-DA60B315CA15}
		{FD70DDE3-D22A-4D5F-929D-602126CE1B67} = {494864E0-27F7-4B10-BA5F-DA60B315CA15}
		{FF938131-136D-4694-8600-79B406A0FACF} = {494864E0-27F7-4B10-BA5F-DA60B315CA15}
		{2646ADD3-DE2B-4F9E-839A-A709FC20C736} = {4B42E643-EA44-4841-AF8B-074514AF24FE}
		{E852287C-A3C2-4688-BE11-4B5AB088E074} = {494864E0-27F7-4B10-BA5F-DA60B315CA15}
	EndGlobalSection
	GlobalSection(ExtensibilityGlobals) = postSolution
		SolutionGuid = {8AF1F8BE-0E50-408A-BDBB-3DC595836504}
	EndGlobalSection
EndGlobal
